// !$*UTF8*$!
{
	archiveVersion = 1;
	classes = {
	};
	objectVersion = 56;
	objects = {

/* Begin PBXBuildFile section */
	A001 /* AppDelegate.m in Sources */ = {isa = PBXBuildFile; fileRef = A101 /* AppDelegate.m */; };
	A002 /* MainViewController.m in Sources */ = {isa = PBXBuildFile; fileRef = A103 /* MainViewController.m */; };
	A003 /* GameScene.m in Sources */ = {isa = PBXBuildFile; fileRef = A105 /* GameScene.m */; };
	A004 /* main.m in Sources */ = {isa = PBXBuildFile; fileRef = A107 /* main.m */; };
	A005 /* Assets.xcassets in Resources */ = {isa = PBXBuildFile; fileRef = A108 /* Assets.xcassets */; };
	A006 /* LaunchScreen.storyboard in Resources */ = {isa = PBXBuildFile; fileRef = A109 /* LaunchScreen.storyboard */; };
	A007 /* UIKit.framework in Frameworks */ = {isa = PBXBuildFile; fileRef = A120 /* UIKit.framework */; };
	A008 /* Foundation.framework in Frameworks */ = {isa = PBXBuildFile; fileRef = A121 /* Foundation.framework */; };
	A009 /* SpriteKit.framework in Frameworks */ = {isa = PBXBuildFile; fileRef = A122 /* SpriteKit.framework */; };
/* End PBXBuildFile section */

/* Begin PBXFileReference section */
	A100 /* AppDelegate.h */ = {isa = PBXFileReference; lastKnownFileType = sourcecode.c.h; path = AppDelegate.h; sourceTree = "<group>"; };
	A101 /* AppDelegate.m */ = {isa = PBXFileReference; lastKnownFileType = sourcecode.c.objc; path = AppDelegate.m; sourceTree = "<group>"; };
	A102 /* MainViewController.h */ = {isa = PBXFileReference; lastKnownFileType = sourcecode.c.h; path = MainViewController.h; sourceTree = "<group>"; };
	A103 /* MainViewController.m */ = {isa = PBXFileReference; lastKnownFileType = sourcecode.c.objc; path = MainViewController.m; sourceTree = "<group>"; };
	A104 /* GameScene.h */ = {isa = PBXFileReference; lastKnownFileType = sourcecode.c.h; path = GameScene.h; sourceTree = "<group>"; };
	A105 /* GameScene.m */ = {isa = PBXFileReference; lastKnownFileType = sourcecode.c.objc; path = GameScene.m; sourceTree = "<group>"; };
	A106 /* Info.plist */ = {isa = PBXFileReference; lastKnownFileType = text.plist.xml; path = Info.plist; sourceTree = "<group>"; };
	A107 /* main.m */ = {isa = PBXFileReference; lastKnownFileType = sourcecode.c.objc; path = main.m; sourceTree = "<group>"; };
	A108 /* Assets.xcassets */ = {isa = PBXFileReference; lastKnownFileType = folder.assetcatalog; path = Assets.xcassets; sourceTree = "<group>"; };
	A109 /* LaunchScreen.storyboard */ = {isa = PBXFileReference; lastKnownFileType = file.storyboard; name = LaunchScreen.storyboard; path = Base.lproj/LaunchScreen.storyboard; sourceTree = "<group>"; };
	A110 /* LegendSolo.app */ = {isa = PBXFileReference; explicitFileType = wrapper.application; path = LegendSolo.app; sourceTree = BUILT_PRODUCTS_DIR; };
	A120 /* UIKit.framework */ = {isa = PBXFileReference; lastKnownFileType = wrapper.framework; name = UIKit.framework; path = System/Library/Frameworks/UIKit.framework; sourceTree = SDKROOT; };
	A121 /* Foundation.framework */ = {isa = PBXFileReference; lastKnownFileType = wrapper.framework; name = Foundation.framework; path = System/Library/Frameworks/Foundation.framework; sourceTree = SDKROOT; };
	A122 /* SpriteKit.framework */ = {isa = PBXFileReference; lastKnownFileType = wrapper.framework; name = SpriteKit.framework; path = System/Library/Frameworks/SpriteKit.framework; sourceTree = SDKROOT; };
/* End PBXFileReference section */

/* Begin PBXFrameworksBuildPhase section */
	A200 = {
		isa = PBXFrameworksBuildPhase;
		buildActionMask = 2147483647;
		files = (
			A007,
			A008,
			A009,
		);
		runOnlyForDeploymentPostprocessing = 0;
	};
/* End PBXFrameworksBuildPhase section */

/* Begin PBXGroup section */
	A300 = {
		isa = PBXGroup;
		children = (
			A301,
			A302,
			A303,
		);
		sourceTree = "<group>";
	};
	A301 = {
		isa = PBXGroup;
		children = (
			A120,
			A121,
			A122,
		);
		name = Frameworks;
		sourceTree = "<group>";
	};
	A302 = {
		isa = PBXGroup;
		children = (
			A100,
			A101,
			A102,
			A103,
			A104,
			A105,
			A107,
			A106,
			A108,
			A109,
		);
		path = LegendSolo;
		sourceTree = "<group>";
	};
	A303 = {
		isa = PBXGroup;
		children = (
			A110,
		);
		name = Products;
		sourceTree = "<group>";
	};
/* End PBXGroup section */

/* Begin PBXNativeTarget section */
	A400 = {
		isa = PBXNativeTarget;
		buildConfigurationList = A500;
		buildPhases = (
			A201,
			A200,
			A202,
		);
		buildRules = (
		);
		dependencies = (
		);
		name = LegendSolo;
		productName = LegendSolo;
		productReference = A110;
		productType = "com.apple.product-type.application";
	};
/* End PBXNativeTarget section */

/* Begin PBXProject section */
	A401 = {
		isa = PBXProject;
		attributes = {
			BuildIndependentTargetsInParallel = 1;
			LastUpgradeCheck = 1600;
			TargetAttributes = {
				A400 = {
					CreatedOnToolsVersion = 16.0;
				};
			};
		};
		buildConfigurationList = A501;
		compatibilityVersion = "Xcode 14.0";
		developmentRegion = en;
		hasScannedForEncodings = 0;
		knownRegions = (
			en,
			Base,
		);
		mainGroup = A300;
		productRefGroup = A303;
		projectDirPath = "";
		projectRoot = "";
		targets = (
			A400,
		);
	};
/* End PBXProject section */

/* Begin PBXResourcesBuildPhase section */
	A202 = {
		isa = PBXResourcesBuildPhase;
		buildActionMask = 2147483647;
		files = (
			A005,
			A006,
		);
		runOnlyForDeploymentPostprocessing = 0;
	};
/* End PBXResourcesBuildPhase section */

/* Begin PBXSourcesBuildPhase section */
	A201 = {
		isa = PBXSourcesBuildPhase;
		buildActionMask = 2147483647;
		files = (
			A001,
			A002,
			A003,
			A004,
		);
		runOnlyForDeploymentPostprocessing = 0;
	};
/* End PBXSourcesBuildPhase section */

/* Begin XCBuildConfiguration section */
	A600 = {
		isa = XCBuildConfiguration;
		buildSettings = {
			ALWAYS_SEARCH_USER_PATHS = NO;
			CLANG_ENABLE_MODULES = YES;
			CLANG_ENABLE_OBJC_ARC = YES;
			CLANG_WARN_DOCUMENTATION_COMMENTS = YES;
			CLANG_WARN_EMPTY_BODY = YES;
			CLANG_WARN_UNGUARDED_AVAILABILITY = YES_AGGRESSIVE;
			COPY_PHASE_STRIP = NO;
			DEBUG_INFORMATION_FORMAT = dwarf;
			DEVELOPMENT_TEAM = "";
			ENABLE_STRICT_OBJC_MSGSEND = YES;
			ENABLE_TESTABILITY = YES;
			GCC_C_LANGUAGE_STANDARD = gnu17;
			GCC_NO_COMMON_BLOCKS = YES;
			GCC_WARN_64_TO_32_BIT_CONVERSION = YES;
			GCC_WARN_ABOUT_RETURN_TYPE = YES_ERROR;
			GCC_WARN_UNDECLARED_SELECTOR = YES;
			GCC_WARN_UNINITIALIZED_AUTOS = YES_AGGRESSIVE;
			GCC_WARN_UNUSED_FUNCTION = YES;
			GCC_WARN_UNUSED_VARIABLE = YES;
			IPHONEOS_DEPLOYMENT_TARGET = 15.0;
			MTL_ENABLE_DEBUG_INFO = INCLUDE_SOURCE;
			MTL_FAST_MATH = YES;
			ONLY_ACTIVE_ARCH = YES;
			SDKROOT = iphoneos;
			SWIFT_VERSION = 5.0;
			TARGETED_DEVICE_FAMILY = "1,2";
		};
		name = Debug;
	};
	A601 = {
		isa = XCBuildConfiguration;
		buildSettings = {
			ALWAYS_SEARCH_USER_PATHS = NO;
			CLANG_ENABLE_MODULES = YES;
			CLANG_ENABLE_OBJC_ARC = YES;
			CLANG_WARN_DOCUMENTATION_COMMENTS = YES;
			CLANG_WARN_EMPTY_BODY = YES;
			CLANG_WARN_UNGUARDED_AVAILABILITY = YES_AGGRESSIVE;
			COPY_PHASE_STRIP = NO;
			DEBUG_INFORMATION_FORMAT = "dwarf-with-dsym";
			DEVELOPMENT_TEAM = "";
			ENABLE_NS_ASSERTIONS = NO;
			ENABLE_STRICT_OBJC_MSGSEND = YES;
			GCC_C_LANGUAGE_STANDARD = gnu17;
			GCC_NO_COMMON_BLOCKS = YES;
			GCC_WARN_64_TO_32_BIT_CONVERSION = YES;
			GCC_WARN_ABOUT_RETURN_TYPE = YES_ERROR;
			GCC_WARN_UNDECLARED_SELECTOR = YES;
			GCC_WARN_UNINITIALIZED_AUTOS = YES_AGGRESSIVE;
			GCC_WARN_UNUSED_FUNCTION = YES;
			GCC_WARN_UNUSED_VARIABLE = YES;
			IPHONEOS_DEPLOYMENT_TARGET = 15.0;
			MTL_ENABLE_DEBUG_INFO = NO;
			MTL_FAST_MATH = YES;
			SDKROOT = iphoneos;
			SWIFT_VERSION = 5.0;
			TARGETED_DEVICE_FAMILY = "1,2";
			VALIDATE_PRODUCT = YES;
		};
		name = Release;
	};
	A610 = {
		isa = XCBuildConfiguration;
		buildSettings = {
			ASSETCATALOG_COMPILER_APPICON_NAME = AppIcon;
			ASSETCATALOG_COMPILER_GLOBAL_ACCENT_COLOR_NAME = AccentColor;
			CODE_SIGN_STYLE = Automatic;
			CURRENT_PROJECT_VERSION = 1;
			GENERATE_INFOPLIST_FILE = NO;
			INFOPLIST_FILE = LegendSolo/Info.plist;
			LD_RUNPATH_SEARCH_PATHS = (
				"$(inherited)",
				"@executable_path/Frameworks",
			);
			MARKETING_VERSION = 1.0.0;
			PRODUCT_BUNDLE_IDENTIFIER = com.example.LegendSolo;
			PRODUCT_NAME = "$(TARGET_NAME)";
			SUPPORTED_PLATFORMS = "iphonesimulator iphoneos";
			TARGETED_DEVICE_FAMILY = "1,2";
		};
		name = Debug;
	};
	A611 = {
		isa = XCBuildConfiguration;
		buildSettings = {
			ASSETCATALOG_COMPILER_APPICON_NAME = AppIcon;
			ASSETCATALOG_COMPILER_GLOBAL_ACCENT_COLOR_NAME = AccentColor;
			CODE_SIGN_STYLE = Automatic;
			CURRENT_PROJECT_VERSION = 1;
			GENERATE_INFOPLIST_FILE = NO;
			INFOPLIST_FILE = LegendSolo/Info.plist;
			LD_RUNPATH_SEARCH_PATHS = (
				"$(inherited)",
				"@executable_path/Frameworks",
			);
			MARKETING_VERSION = 1.0.0;
			PRODUCT_BUNDLE_IDENTIFIER = com.example.LegendSolo;
			PRODUCT_NAME = "$(TARGET_NAME)";
			SUPPORTED_PLATFORMS = "iphonesimulator iphoneos";
			TARGETED_DEVICE_FAMILY = "1,2";
		};
		name = Release;
	};
/* End XCBuildConfiguration section */

/* Begin XCConfigurationList section */
	A500 = {
		isa = XCConfigurationList;
		buildConfigurations = (
			A610,
			A611,
		);
		defaultConfigurationIsVisible = 0;
		defaultConfigurationName = Release;
	};
	A501 = {
		isa = XCConfigurationList;
		buildConfigurations = (
			A600,
			A601,
		);
		defaultConfigurationIsVisible = 0;
		defaultConfigurationName = Release;
	};
/* End XCConfigurationList section */

	};
	rootObject = A401;
}
