// !$*UTF8*$!
{
	archiveVersion = 1;
	classes = {
	};
	objectVersion = 56;
	objects = {

/* Begin PBXBuildFile section */
		A00100010000000000000001 /* main.c in Sources */ = {isa = PBXBuildFile; fileRef = A00100000000000000000001 /* main.c */; };
/* End PBXBuildFile section */

/* Begin PBXFileReference section */
		A00100000000000000000001 /* main.c */ = {isa = PBXFileReference; lastKnownFileType = sourcecode.c.c; path = main.c; sourceTree = "<group>"; };
		A00100000000000000000002 /* ObfDemo */ = {isa = PBXFileReference; explicitFileType = "compiled.mach-o.executable"; includeInIndex = 0; path = ObfDemo; sourceTree = BUILT_PRODUCTS_DIR; };
		A00100000000000000000003 /* ObfToolchain.xcconfig */ = {isa = PBXFileReference; lastKnownFileType = text.xcconfig; path = ObfToolchain.xcconfig; sourceTree = "<group>"; };
/* End PBXFileReference section */

/* Begin PBXFrameworksBuildPhase section */
		A00100030000000000000001 /* Frameworks */ = {
			isa = PBXFrameworksBuildPhase;
			buildActionMask = 2147483647;
			files = (
			);
			runOnlyForDeploymentPostprocessing = 0;
		};
/* End PBXFrameworksBuildPhase section */

/* Begin PBXGroup section */
		A00100020000000000000001 = {
			isa = PBXGroup;
			children = (
				A00100020000000000000002 /* ObfDemo */,
				A00100020000000000000003 /* Products */,
			);
			sourceTree = "<group>";
		};
		A00100020000000000000002 /* ObfDemo */ = {
			isa = PBXGroup;
			children = (
				A00100000000000000000001 /* main.c */,
				A00100000000000000000003 /* ObfToolchain.xcconfig */,
			);
			name = ObfDemo;
			sourceTree = "<group>";
		};
		A00100020000000000000003 /* Products */ = {
			isa = PBXGroup;
			children = (
				A00100000000000000000002 /* ObfDemo */,
			);
			name = Products;
			sourceTree = "<group>";
		};
/* End PBXGroup section */

/* Begin PBXNativeTarget section */
		A00100040000000000000001 /* ObfDemo */ = {
			isa = PBXNativeTarget;
			buildConfigurationList = A00100050000000000000002 /* Build configuration list for PBXNativeTarget "ObfDemo" */;
			buildPhases = (
				A00100030000000000000002 /* Sources */,
				A00100030000000000000001 /* Frameworks */,
			);
			buildRules = (
			);
			dependencies = (
			);
			name = ObfDemo;
			productName = ObfDemo;
			productReference = A00100000000000000000002 /* ObfDemo */;
			productType = "com.apple.product-type.tool";
		};
/* End PBXNativeTarget section */

/* Begin PBXProject section */
		A00100060000000000000001 /* Project object */ = {
			isa = PBXProject;
			attributes = {
				BuildIndependentTargetsInParallel = 1;
				LastUpgradeCheck = 1500;
				TargetAttributes = {
					A00100040000000000000001 = {
						CreatedOnToolsVersion = 15.0;
					};
				};
			};
			buildConfigurationList = A00100050000000000000001 /* Build configuration list for PBXProject "ObfDemo" */;
			compatibilityVersion = "Xcode 14.0";
			developmentRegion = en;
			hasScannedForEncodings = 0;
			knownRegions = (
				en,
				Base,
			);
			mainGroup = A00100020000000000000001;
			productRefGroup = A00100020000000000000003 /* Products */;
			projectDirPath = "";
			projectRoot = "";
			targets = (
				A00100040000000000000001 /* ObfDemo */,
			);
		};
/* End PBXProject section */

/* Begin PBXSourcesBuildPhase section */
		A00100030000000000000002 /* Sources */ = {
			isa = PBXSourcesBuildPhase;
			buildActionMask = 2147483647;
			files = (
				A00100010000000000000001 /* main.c in Sources */,
			);
			runOnlyForDeploymentPostprocessing = 0;
		};
/* End PBXSourcesBuildPhase section */

/* Begin XCBuildConfiguration section */
		A00100070000000000000001 /* Debug */ = {
			isa = XCBuildConfiguration;
			baseConfigurationReference = A00100000000000000000003 /* ObfToolchain.xcconfig */;
			buildSettings = {
				CLANG_ENABLE_MODULES = NO;
				GCC_OPTIMIZATION_LEVEL = 0;
				MACOSX_DEPLOYMENT_TARGET = 13.0;
				SDKROOT = macosx;
			};
			name = Debug;
		};
		A00100070000000000000002 /* Release */ = {
			isa = XCBuildConfiguration;
			baseConfigurationReference = A00100000000000000000003 /* ObfToolchain.xcconfig */;
			buildSettings = {
				CLANG_ENABLE_MODULES = NO;
				GCC_OPTIMIZATION_LEVEL = s;
				MACOSX_DEPLOYMENT_TARGET = 13.0;
				SDKROOT = macosx;
			};
			name = Release;
		};
		A00100070000000000000003 /* Debug */ = {
			isa = XCBuildConfiguration;
			buildSettings = {
				ALWAYS_SEARCH_USER_PATHS = NO;
				CLANG_ENABLE_OBJC_ARC = NO;
				CLANG_WARN_DOCUMENTATION_COMMENTS = YES;
				CLANG_WARN_EMPTY_BODY = YES;
				CLANG_WARN_UNGUARDED_AVAILABILITY = YES_AGGRESSIVE;
				COPY_PHASE_STRIP = NO;
				DEBUG_INFORMATION_FORMAT = dwarf;
				ENABLE_STRICT_OBJC_MSGSEND = YES;
				GCC_C_LANGUAGE_STANDARD = gnu17;
				GCC_DYNAMIC_NO_PIC = NO;
				GCC_OPTIMIZATION_LEVEL = 0;
				GCC_PREPROCESSOR_DEFINITIONS = (
					"DEBUG=1",
					"$(inherited)",
				);
				MACOSX_DEPLOYMENT_TARGET = 13.0;
				ONLY_ACTIVE_ARCH = YES;
				PRODUCT_NAME = "$(TARGET_NAME)";
				SDKROOT = macosx;
			};
			name = Debug;
		};
		A00100070000000000000004 /* Release */ = {
			isa = XCBuildConfiguration;
			buildSettings = {
				ALWAYS_SEARCH_USER_PATHS = NO;
				CLANG_ENABLE_OBJC_ARC = NO;
				CLANG_WARN_DOCUMENTATION_COMMENTS = YES;
				CLANG_WARN_EMPTY_BODY = YES;
				CLANG_WARN_UNGUARDED_AVAILABILITY = YES_AGGRESSIVE;
				COPY_PHASE_STRIP = NO;
				DEBUG_INFORMATION_FORMAT = "dwarf-with-dsym";
				ENABLE_NS_ASSERTIONS = NO;
				ENABLE_STRICT_OBJC_MSGSEND = YES;
				GCC_C_LANGUAGE_STANDARD = gnu17;
				GCC_OPTIMIZATION_LEVEL = s;
				MACOSX_DEPLOYMENT_TARGET = 13.0;
				PRODUCT_NAME = "$(TARGET_NAME)";
				SDKROOT = macosx;
			};
			name = Release;
		};
/* End XCBuildConfiguration section */

/* Begin XCConfigurationList section */
		A00100050000000000000001 /* Build configuration list for PBXProject "ObfDemo" */ = {
			isa = XCConfigurationList;
			buildConfigurations = (
				A00100070000000000000003 /* Debug */,
				A00100070000000000000004 /* Release */,
			);
			defaultConfigurationIsVisible = 0;
			defaultConfigurationName = Release;
		};
		A00100050000000000000002 /* Build configuration list for PBXNativeTarget "ObfDemo" */ = {
			isa = XCConfigurationList;
			buildConfigurations = (
				A00100070000000000000001 /* Debug */,
				A00100070000000000000002 /* Release */,
			);
			defaultConfigurationIsVisible = 0;
			defaultConfigurationName = Release;
		};
/* End XCConfigurationList section */
	};
	rootObject = A00100060000000000000001 /* Project object */;
}
